PODS:
  - Alamofire (4.5.0)
  - MJCSegmentInterface (1.3.3):
    - SDWebImage
  - MJExtension (3.0.13)
  - SDWebImage (4.0.0):
    - SDWebImage/Core (= 4.0.0)
  - SDWebImage/Core (4.0.0)

DEPENDENCIES:
  - Alamofire
  - MJCSegmentInterface
  - MJExtension

SPEC CHECKSUMS:
  Alamofire: f28cdffd29de33a7bfa022cbd63ae95a27fae140
  MJCSegmentInterface: a48406464e52d293361a8a52b34468cf1a101e79
  MJExtension: 5932755f451458eefa24239358817f8d291240c7
  SDWebImage: 76a6348bdc74eb5a55dd08a091ef298e56b55e41

PODFILE CHECKSUM: be0c014ee118fae5c12112e10ce2267cf43791de

COCOAPODS: 1.3.0.beta.2
