// !$*UTF8*$!
{
	archiveVersion = 1;
	classes = {
	};
	objectVersion = 46;
	objects = {

/* Begin PBXBuildFile section */
		14AD7BF1B567043293E53CB7 /* Pods_news.framework in Frameworks */ = {isa = PBXBuildFile; fileRef = 202F7FFF9EE1B62AD637CD4B /* Pods_news.framework */; };
		3E0164531F419639006B63B0 /* Alamofire.framework in Frameworks */ = {isa = PBXBuildFile; fileRef = 3E0164521F419639006B63B0 /* Alamofire.framework */; };
		3E7B3E321F41214800242993 /* AppDelegate.swift in Sources */ = {isa = PBXBuildFile; fileRef = 3E7B3E311F41214800242993 /* AppDelegate.swift */; };
		3E7B3E341F41214800242993 /* ViewController.swift in Sources */ = {isa = PBXBuildFile; fileRef = 3E7B3E331F41214800242993 /* ViewController.swift */; };
		3E7B3E371F41214800242993 /* Main.storyboard in Resources */ = {isa = PBXBuildFile; fileRef = 3E7B3E351F41214800242993 /* Main.storyboard */; };
		3E7B3E391F41214800242993 /* Assets.xcassets in Resources */ = {isa = PBXBuildFile; fileRef = 3E7B3E381F41214800242993 /* Assets.xcassets */; };
		3E7B3E3C1F41214800242993 /* LaunchScreen.storyboard in Resources */ = {isa = PBXBuildFile; fileRef = 3E7B3E3A1F41214800242993 /* LaunchScreen.storyboard */; };
		3E7B3E471F41214800242993 /* newsTests.swift in Sources */ = {isa = PBXBuildFile; fileRef = 3E7B3E461F41214800242993 /* newsTests.swift */; };
		3E7B3E521F41214800242993 /* newsUITests.swift in Sources */ = {isa = PBXBuildFile; fileRef = 3E7B3E511F41214800242993 /* newsUITests.swift */; };
		3EFDEA461F431877005337A4 /* TQYRTool.swift in Sources */ = {isa = PBXBuildFile; fileRef = 3EFDEA451F431877005337A4 /* TQYRTool.swift */; };
		E62240B41F420B2C00D98BA0 /* TQYRMainTableViewController.swift in Sources */ = {isa = PBXBuildFile; fileRef = E62240B01F420B2C00D98BA0 /* TQYRMainTableViewController.swift */; };
		E62240B51F420B2C00D98BA0 /* TQYRMainViewController.swift in Sources */ = {isa = PBXBuildFile; fileRef = E62240B11F420B2C00D98BA0 /* TQYRMainViewController.swift */; };
		E62240B81F420B4600D98BA0 /* TQYRMainListModel.m in Sources */ = {isa = PBXBuildFile; fileRef = E62240B71F420B4600D98BA0 /* TQYRMainListModel.m */; };
		E62240BA1F420C9F00D98BA0 /* MJExtension.framework in Frameworks */ = {isa = PBXBuildFile; fileRef = E62240B91F420C9F00D98BA0 /* MJExtension.framework */; };
		E62240BC1F420CA300D98BA0 /* SDWebImage.framework in Frameworks */ = {isa = PBXBuildFile; fileRef = E62240BB1F420CA300D98BA0 /* SDWebImage.framework */; };
		E62240BE1F420CA800D98BA0 /* MJCSegmentInterface.framework in Frameworks */ = {isa = PBXBuildFile; fileRef = E62240BD1F420CA800D98BA0 /* MJCSegmentInterface.framework */; };
		E68E8D581F45137F00D7BF9F /* TQYRPicListTableViewCell.swift in Sources */ = {isa = PBXBuildFile; fileRef = E68E8D561F45137F00D7BF9F /* TQYRPicListTableViewCell.swift */; };
		E68E8D591F45137F00D7BF9F /* TQYRPicListTableViewCell.xib in Resources */ = {isa = PBXBuildFile; fileRef = E68E8D571F45137F00D7BF9F /* TQYRPicListTableViewCell.xib */; };
		E68E8D5C1F45139800D7BF9F /* TQYRMainListTableViewCell.swift in Sources */ = {isa = PBXBuildFile; fileRef = E68E8D5A1F45139800D7BF9F /* TQYRMainListTableViewCell.swift */; };
		E68E8D5D1F45139800D7BF9F /* TQYRMainListTableViewCell.xib in Resources */ = {isa = PBXBuildFile; fileRef = E68E8D5B1F45139800D7BF9F /* TQYRMainListTableViewCell.xib */; };
		E68E8D621F4526DE00D7BF9F /* WRCycleCell.swift in Sources */ = {isa = PBXBuildFile; fileRef = E68E8D5F1F4526DE00D7BF9F /* WRCycleCell.swift */; };
		E68E8D631F4526DE00D7BF9F /* WRCycleScrollView.swift in Sources */ = {isa = PBXBuildFile; fileRef = E68E8D601F4526DE00D7BF9F /* WRCycleScrollView.swift */; };
		E68E8D641F4526DE00D7BF9F /* WRProxy.swift in Sources */ = {isa = PBXBuildFile; fileRef = E68E8D611F4526DE00D7BF9F /* WRProxy.swift */; };
/* End PBXBuildFile section */

/* Begin PBXContainerItemProxy section */
		3E7B3E431F41214800242993 /* PBXContainerItemProxy */ = {
			isa = PBXContainerItemProxy;
			containerPortal = 3E7B3E261F41214800242993 /* Project object */;
			proxyType = 1;
			remoteGlobalIDString = 3E7B3E2D1F41214800242993;
			remoteInfo = news;
		};
		3E7B3E4E1F41214800242993 /* PBXContainerItemProxy */ = {
			isa = PBXContainerItemProxy;
			containerPortal = 3E7B3E261F41214800242993 /* Project object */;
			proxyType = 1;
			remoteGlobalIDString = 3E7B3E2D1F41214800242993;
			remoteInfo = news;
		};
/* End PBXContainerItemProxy section */

/* Begin PBXFileReference section */
		202F7FFF9EE1B62AD637CD4B /* Pods_news.framework */ = {isa = PBXFileReference; explicitFileType = wrapper.framework; includeInIndex = 0; path = Pods_news.framework; sourceTree = BUILT_PRODUCTS_DIR; };
		21746D813855E9AB8648F754 /* Pods-news.release.xcconfig */ = {isa = PBXFileReference; includeInIndex = 1; lastKnownFileType = text.xcconfig; name = "Pods-news.release.xcconfig"; path = "Pods/Target Support Files/Pods-news/Pods-news.release.xcconfig"; sourceTree = "<group>"; };
		3E0164501F4194A8006B63B0 /* libMagicalRecord.a */ = {isa = PBXFileReference; lastKnownFileType = archive.ar; name = libMagicalRecord.a; path = "../../../Library/Developer/Xcode/DerivedData/news-efyhyrzxvhoccxctdilijhvnfbqc/Build/Products/Debug-iphonesimulator/MagicalRecord/libMagicalRecord.a"; sourceTree = "<group>"; };
		3E0164521F419639006B63B0 /* Alamofire.framework */ = {isa = PBXFileReference; lastKnownFileType = wrapper.framework; name = Alamofire.framework; path = "../../../Library/Developer/Xcode/DerivedData/news-efyhyrzxvhoccxctdilijhvnfbqc/Build/Products/Debug-iphonesimulator/Alamofire/Alamofire.framework"; sourceTree = "<group>"; };
		3E0164571F419EA9006B63B0 /* MJCSegmentInterface-Briding-Header.h */ = {isa = PBXFileReference; lastKnownFileType = sourcecode.c.h; path = "MJCSegmentInterface-Briding-Header.h"; sourceTree = "<group>"; };
		3E7B3E2E1F41214800242993 /* news.app */ = {isa = PBXFileReference; explicitFileType = wrapper.application; includeInIndex = 0; path = news.app; sourceTree = BUILT_PRODUCTS_DIR; };
		3E7B3E311F41214800242993 /* AppDelegate.swift */ = {isa = PBXFileReference; lastKnownFileType = sourcecode.swift; path = AppDelegate.swift; sourceTree = "<group>"; };
		3E7B3E331F41214800242993 /* ViewController.swift */ = {isa = PBXFileReference; lastKnownFileType = sourcecode.swift; path = ViewController.swift; sourceTree = "<group>"; };
		3E7B3E361F41214800242993 /* Base */ = {isa = PBXFileReference; lastKnownFileType = file.storyboard; name = Base; path = Base.lproj/Main.storyboard; sourceTree = "<group>"; };
		3E7B3E381F41214800242993 /* Assets.xcassets */ = {isa = PBXFileReference; lastKnownFileType = folder.assetcatalog; path = Assets.xcassets; sourceTree = "<group>"; };
		3E7B3E3B1F41214800242993 /* Base */ = {isa = PBXFileReference; lastKnownFileType = file.storyboard; name = Base; path = Base.lproj/LaunchScreen.storyboard; sourceTree = "<group>"; };
		3E7B3E3D1F41214800242993 /* Info.plist */ = {isa = PBXFileReference; lastKnownFileType = text.plist.xml; path = Info.plist; sourceTree = "<group>"; };
		3E7B3E421F41214800242993 /* newsTests.xctest */ = {isa = PBXFileReference; explicitFileType = wrapper.cfbundle; includeInIndex = 0; path = newsTests.xctest; sourceTree = BUILT_PRODUCTS_DIR; };
		3E7B3E461F41214800242993 /* newsTests.swift */ = {isa = PBXFileReference; lastKnownFileType = sourcecode.swift; path = newsTests.swift; sourceTree = "<group>"; };
		3E7B3E481F41214800242993 /* Info.plist */ = {isa = PBXFileReference; lastKnownFileType = text.plist.xml; path = Info.plist; sourceTree = "<group>"; };
		3E7B3E4D1F41214800242993 /* newsUITests.xctest */ = {isa = PBXFileReference; explicitFileType = wrapper.cfbundle; includeInIndex = 0; path = newsUITests.xctest; sourceTree = BUILT_PRODUCTS_DIR; };
		3E7B3E511F41214800242993 /* newsUITests.swift */ = {isa = PBXFileReference; lastKnownFileType = sourcecode.swift; path = newsUITests.swift; sourceTree = "<group>"; };
		3E7B3E531F41214800242993 /* Info.plist */ = {isa = PBXFileReference; lastKnownFileType = text.plist.xml; path = Info.plist; sourceTree = "<group>"; };
		3EFDEA451F431877005337A4 /* TQYRTool.swift */ = {isa = PBXFileReference; fileEncoding = 4; lastKnownFileType = sourcecode.swift; path = TQYRTool.swift; sourceTree = "<group>"; };
		E62240B01F420B2C00D98BA0 /* TQYRMainTableViewController.swift */ = {isa = PBXFileReference; fileEncoding = 4; lastKnownFileType = sourcecode.swift; path = TQYRMainTableViewController.swift; sourceTree = "<group>"; };
		E62240B11F420B2C00D98BA0 /* TQYRMainViewController.swift */ = {isa = PBXFileReference; fileEncoding = 4; lastKnownFileType = sourcecode.swift; path = TQYRMainViewController.swift; sourceTree = "<group>"; };
		E62240B61F420B4600D98BA0 /* TQYRMainListModel.h */ = {isa = PBXFileReference; fileEncoding = 4; lastKnownFileType = sourcecode.c.h; path = TQYRMainListModel.h; sourceTree = "<group>"; };
		E62240B71F420B4600D98BA0 /* TQYRMainListModel.m */ = {isa = PBXFileReference; fileEncoding = 4; lastKnownFileType = sourcecode.c.objc; path = TQYRMainListModel.m; sourceTree = "<group>"; };
		E62240B91F420C9F00D98BA0 /* MJExtension.framework */ = {isa = PBXFileReference; lastKnownFileType = wrapper.framework; name = MJExtension.framework; path = "Pods/../build/Debug-iphoneos/MJExtension/MJExtension.framework"; sourceTree = "<group>"; };
		E62240BB1F420CA300D98BA0 /* SDWebImage.framework */ = {isa = PBXFileReference; lastKnownFileType = wrapper.framework; name = SDWebImage.framework; path = "../../../Library/Developer/Xcode/DerivedData/news-frmdfggtdqzjtobnvgabqcwweoaw/Build/Products/Debug-iphonesimulator/SDWebImage/SDWebImage.framework"; sourceTree = "<group>"; };
		E62240BD1F420CA800D98BA0 /* MJCSegmentInterface.framework */ = {isa = PBXFileReference; lastKnownFileType = wrapper.framework; name = MJCSegmentInterface.framework; path = "../../../Library/Developer/Xcode/DerivedData/news-frmdfggtdqzjtobnvgabqcwweoaw/Build/Products/Debug-iphonesimulator/MJCSegmentInterface/MJCSegmentInterface.framework"; sourceTree = "<group>"; };
		E68E8D561F45137F00D7BF9F /* TQYRPicListTableViewCell.swift */ = {isa = PBXFileReference; fileEncoding = 4; lastKnownFileType = sourcecode.swift; path = TQYRPicListTableViewCell.swift; sourceTree = "<group>"; };
		E68E8D571F45137F00D7BF9F /* TQYRPicListTableViewCell.xib */ = {isa = PBXFileReference; fileEncoding = 4; lastKnownFileType = file.xib; path = TQYRPicListTableViewCell.xib; sourceTree = "<group>"; };
		E68E8D5A1F45139800D7BF9F /* TQYRMainListTableViewCell.swift */ = {isa = PBXFileReference; fileEncoding = 4; lastKnownFileType = sourcecode.swift; path = TQYRMainListTableViewCell.swift; sourceTree = "<group>"; };
		E68E8D5B1F45139800D7BF9F /* TQYRMainListTableViewCell.xib */ = {isa = PBXFileReference; fileEncoding = 4; lastKnownFileType = file.xib; path = TQYRMainListTableViewCell.xib; sourceTree = "<group>"; };
		E68E8D5F1F4526DE00D7BF9F /* WRCycleCell.swift */ = {isa = PBXFileReference; fileEncoding = 4; lastKnownFileType = sourcecode.swift; path = WRCycleCell.swift; sourceTree = "<group>"; };
		E68E8D601F4526DE00D7BF9F /* WRCycleScrollView.swift */ = {isa = PBXFileReference; fileEncoding = 4; lastKnownFileType = sourcecode.swift; path = WRCycleScrollView.swift; sourceTree = "<group>"; };
		E68E8D611F4526DE00D7BF9F /* WRProxy.swift */ = {isa = PBXFileReference; fileEncoding = 4; lastKnownFileType = sourcecode.swift; path = WRProxy.swift; sourceTree = "<group>"; };
		FDC245363A0BB3927DFA14A5 /* Pods-news.debug.xcconfig */ = {isa = PBXFileReference; includeInIndex = 1; lastKnownFileType = text.xcconfig; name = "Pods-news.debug.xcconfig"; path = "Pods/Target Support Files/Pods-news/Pods-news.debug.xcconfig"; sourceTree = "<group>"; };
/* End PBXFileReference section */

/* Begin PBXFrameworksBuildPhase section */
		3E7B3E2B1F41214800242993 /* Frameworks */ = {
			isa = PBXFrameworksBuildPhase;
			buildActionMask = 2147483647;
			files = (
				E62240BE1F420CA800D98BA0 /* MJCSegmentInterface.framework in Frameworks */,
				E62240BC1F420CA300D98BA0 /* SDWebImage.framework in Frameworks */,
				E62240BA1F420C9F00D98BA0 /* MJExtension.framework in Frameworks */,
				3E0164531F419639006B63B0 /* Alamofire.framework in Frameworks */,
				14AD7BF1B567043293E53CB7 /* Pods_news.framework in Frameworks */,
			);
			runOnlyForDeploymentPostprocessing = 0;
		};
		3E7B3E3F1F41214800242993 /* Frameworks */ = {
			isa = PBXFrameworksBuildPhase;
			buildActionMask = 2147483647;
			files = (
			);
			runOnlyForDeploymentPostprocessing = 0;
		};
		3E7B3E4A1F41214800242993 /* Frameworks */ = {
			isa = PBXFrameworksBuildPhase;
			buildActionMask = 2147483647;
			files = (
			);
			runOnlyForDeploymentPostprocessing = 0;
		};
/* End PBXFrameworksBuildPhase section */

/* Begin PBXGroup section */
		3E7B3E251F41214800242993 = {
			isa = PBXGroup;
			children = (
				3E7B3E301F41214800242993 /* news */,
				3E7B3E451F41214800242993 /* newsTests */,
				3E7B3E501F41214800242993 /* newsUITests */,
				3E7B3E2F1F41214800242993 /* Products */,
				ADD44D04DC514ED8AF54A63B /* Pods */,
				7AE5707B894190370CE3FF83 /* Frameworks */,
			);
			sourceTree = "<group>";
		};
		3E7B3E2F1F41214800242993 /* Products */ = {
			isa = PBXGroup;
			children = (
				3E7B3E2E1F41214800242993 /* news.app */,
				3E7B3E421F41214800242993 /* newsTests.xctest */,
				3E7B3E4D1F41214800242993 /* newsUITests.xctest */,
			);
			name = Products;
			sourceTree = "<group>";
		};
		3E7B3E301F41214800242993 /* news */ = {
			isa = PBXGroup;
			children = (
				3EFDE9EC1F43086E005337A4 /* tool */,
				3EFDE9E91F430838005337A4 /* other */,
				3EFDE9E31F42E7AE005337A4 /* view */,
				E62240AE1F420B2C00D98BA0 /* controller */,
				E62240B21F420B2C00D98BA0 /* model */,
				3E7B3E311F41214800242993 /* AppDelegate.swift */,
				3E0164571F419EA9006B63B0 /* MJCSegmentInterface-Briding-Header.h */,
				3E7B3E331F41214800242993 /* ViewController.swift */,
				3E7B3E351F41214800242993 /* Main.storyboard */,
				3E7B3E381F41214800242993 /* Assets.xcassets */,
				3E7B3E3A1F41214800242993 /* LaunchScreen.storyboard */,
				3E7B3E3D1F41214800242993 /* Info.plist */,
			);
			path = news;
			sourceTree = "<group>";
		};
		3E7B3E451F41214800242993 /* newsTests */ = {
			isa = PBXGroup;
			children = (
				3E7B3E461F41214800242993 /* newsTests.swift */,
				3E7B3E481F41214800242993 /* Info.plist */,
			);
			path = newsTests;
			sourceTree = "<group>";
		};
		3E7B3E501F41214800242993 /* newsUITests */ = {
			isa = PBXGroup;
			children = (
				3E7B3E511F41214800242993 /* newsUITests.swift */,
				3E7B3E531F41214800242993 /* Info.plist */,
			);
			path = newsUITests;
			sourceTree = "<group>";
		};
		3EFDE9E31F42E7AE005337A4 /* view */ = {
			isa = PBXGroup;
			children = (
				E68E8D521F450F7300D7BF9F /* 视频 */,
				E68E8D541F450F7300D7BF9F /* 图集 */,
				E68E8D551F450F7300D7BF9F /* 我的 */,
				3EFDE9E41F42E7AE005337A4 /* 首页 */,
			);
			path = view;
			sourceTree = "<group>";
		};
		3EFDE9E41F42E7AE005337A4 /* 首页 */ = {
			isa = PBXGroup;
			children = (
				E68E8D5A1F45139800D7BF9F /* TQYRMainListTableViewCell.swift */,
				E68E8D5B1F45139800D7BF9F /* TQYRMainListTableViewCell.xib */,
			);
			path = "首页";
			sourceTree = "<group>";
		};
		3EFDE9E91F430838005337A4 /* other */ = {
			isa = PBXGroup;
			children = (
				E68E8D5E1F4526DE00D7BF9F /* WRCycleScrollView */,
			);
			path = other;
			sourceTree = "<group>";
		};
		3EFDE9EC1F43086E005337A4 /* tool */ = {
			isa = PBXGroup;
			children = (
				3EFDEA451F431877005337A4 /* TQYRTool.swift */,
			);
			path = tool;
			sourceTree = "<group>";
		};
		7AE5707B894190370CE3FF83 /* Frameworks */ = {
			isa = PBXGroup;
			children = (
				E62240BD1F420CA800D98BA0 /* MJCSegmentInterface.framework */,
				E62240BB1F420CA300D98BA0 /* SDWebImage.framework */,
				E62240B91F420C9F00D98BA0 /* MJExtension.framework */,
				3E0164521F419639006B63B0 /* Alamofire.framework */,
				3E0164501F4194A8006B63B0 /* libMagicalRecord.a */,
				202F7FFF9EE1B62AD637CD4B /* Pods_news.framework */,
			);
			name = Frameworks;
			sourceTree = "<group>";
		};
		ADD44D04DC514ED8AF54A63B /* Pods */ = {
			isa = PBXGroup;
			children = (
				FDC245363A0BB3927DFA14A5 /* Pods-news.debug.xcconfig */,
				21746D813855E9AB8648F754 /* Pods-news.release.xcconfig */,
			);
			name = Pods;
			sourceTree = "<group>";
		};
		E62240AE1F420B2C00D98BA0 /* controller */ = {
			isa = PBXGroup;
			children = (
				E62240AF1F420B2C00D98BA0 /* 首页模块 */,
			);
			path = controller;
			sourceTree = "<group>";
		};
		E62240AF1F420B2C00D98BA0 /* 首页模块 */ = {
			isa = PBXGroup;
			children = (
				E62240B01F420B2C00D98BA0 /* TQYRMainTableViewController.swift */,
				E62240B11F420B2C00D98BA0 /* TQYRMainViewController.swift */,
			);
			path = "首页模块";
			sourceTree = "<group>";
		};
		E62240B21F420B2C00D98BA0 /* model */ = {
			isa = PBXGroup;
			children = (
				E62240B31F420B2C00D98BA0 /* 首页model */,
			);
			path = model;
			sourceTree = "<group>";
		};
		E62240B31F420B2C00D98BA0 /* 首页model */ = {
			isa = PBXGroup;
			children = (
				E62240B61F420B4600D98BA0 /* TQYRMainListModel.h */,
				E62240B71F420B4600D98BA0 /* TQYRMainListModel.m */,
			);
			path = "首页model";
			sourceTree = "<group>";
		};
		E68E8D521F450F7300D7BF9F /* 视频 */ = {
			isa = PBXGroup;
			children = (
			);
			path = "视频";
			sourceTree = "<group>";
		};
		E68E8D541F450F7300D7BF9F /* 图集 */ = {
			isa = PBXGroup;
			children = (
				E68E8D561F45137F00D7BF9F /* TQYRPicListTableViewCell.swift */,
				E68E8D571F45137F00D7BF9F /* TQYRPicListTableViewCell.xib */,
			);
			path = "图集";
			sourceTree = "<group>";
		};
		E68E8D551F450F7300D7BF9F /* 我的 */ = {
			isa = PBXGroup;
			children = (
			);
			path = "我的";
			sourceTree = "<group>";
		};
		E68E8D5E1F4526DE00D7BF9F /* WRCycleScrollView */ = {
			isa = PBXGroup;
			children = (
				E68E8D5F1F4526DE00D7BF9F /* WRCycleCell.swift */,
				E68E8D601F4526DE00D7BF9F /* WRCycleScrollView.swift */,
				E68E8D611F4526DE00D7BF9F /* WRProxy.swift */,
			);
			path = WRCycleScrollView;
			sourceTree = "<group>";
		};
/* End PBXGroup section */

/* Begin PBXNativeTarget section */
		3E7B3E2D1F41214800242993 /* news */ = {
			isa = PBXNativeTarget;
			buildConfigurationList = 3E7B3E561F41214800242993 /* Build configuration list for PBXNativeTarget "news" */;
			buildPhases = (
				4CE0F4EDE752F42FD75BC7CE /* [CP] Check Pods Manifest.lock */,
				3E7B3E2A1F41214800242993 /* Sources */,
				3E7B3E2B1F41214800242993 /* Frameworks */,
				3E7B3E2C1F41214800242993 /* Resources */,
				23A0702350288CFC1F63AFDE /* [CP] Embed Pods Frameworks */,
				38A7356EA62B003E8FE4A9AF /* [CP] Copy Pods Resources */,
			);
			buildRules = (
			);
			dependencies = (
			);
			name = news;
			productName = news;
			productReference = 3E7B3E2E1F41214800242993 /* news.app */;
			productType = "com.apple.product-type.application";
		};
		3E7B3E411F41214800242993 /* newsTests */ = {
			isa = PBXNativeTarget;
			buildConfigurationList = 3E7B3E591F41214800242993 /* Build configuration list for PBXNativeTarget "newsTests" */;
			buildPhases = (
				3E7B3E3E1F41214800242993 /* Sources */,
				3E7B3E3F1F41214800242993 /* Frameworks */,
				3E7B3E401F41214800242993 /* Resources */,
			);
			buildRules = (
			);
			dependencies = (
				3E7B3E441F41214800242993 /* PBXTargetDependency */,
			);
			name = newsTests;
			productName = newsTests;
			productReference = 3E7B3E421F41214800242993 /* newsTests.xctest */;
			productType = "com.apple.product-type.bundle.unit-test";
		};
		3E7B3E4C1F41214800242993 /* newsUITests */ = {
			isa = PBXNativeTarget;
			buildConfigurationList = 3E7B3E5C1F41214800242993 /* Build configuration list for PBXNativeTarget "newsUITests" */;
			buildPhases = (
				3E7B3E491F41214800242993 /* Sources */,
				3E7B3E4A1F41214800242993 /* Frameworks */,
				3E7B3E4B1F41214800242993 /* Resources */,
			);
			buildRules = (
			);
			dependencies = (
				3E7B3E4F1F41214800242993 /* PBXTargetDependency */,
			);
			name = newsUITests;
			productName = newsUITests;
			productReference = 3E7B3E4D1F41214800242993 /* newsUITests.xctest */;
			productType = "com.apple.product-type.bundle.ui-testing";
		};
/* End PBXNativeTarget section */

/* Begin PBXProject section */
		3E7B3E261F41214800242993 /* Project object */ = {
			isa = PBXProject;
			attributes = {
				LastSwiftUpdateCheck = 0830;
				LastUpgradeCheck = 0830;
				ORGANIZATIONNAME = "天桥艺人";
				TargetAttributes = {
					3E7B3E2D1F41214800242993 = {
						CreatedOnToolsVersion = 8.3.3;
						DevelopmentTeam = 83QJKJUUMN;
						ProvisioningStyle = Automatic;
					};
					3E7B3E411F41214800242993 = {
						CreatedOnToolsVersion = 8.3.3;
						ProvisioningStyle = Automatic;
						TestTargetID = 3E7B3E2D1F41214800242993;
					};
					3E7B3E4C1F41214800242993 = {
						CreatedOnToolsVersion = 8.3.3;
						ProvisioningStyle = Automatic;
						TestTargetID = 3E7B3E2D1F41214800242993;
					};
				};
			};
			buildConfigurationList = 3E7B3E291F41214800242993 /* Build configuration list for PBXProject "news" */;
			compatibilityVersion = "Xcode 3.2";
			developmentRegion = English;
			hasScannedForEncodings = 0;
			knownRegions = (
				en,
				Base,
			);
			mainGroup = 3E7B3E251F41214800242993;
			productRefGroup = 3E7B3E2F1F41214800242993 /* Products */;
			projectDirPath = "";
			projectRoot = "";
			targets = (
				3E7B3E2D1F41214800242993 /* news */,
				3E7B3E411F41214800242993 /* newsTests */,
				3E7B3E4C1F41214800242993 /* newsUITests */,
			);
		};
/* End PBXProject section */

/* Begin PBXResourcesBuildPhase section */
		3E7B3E2C1F41214800242993 /* Resources */ = {
			isa = PBXResourcesBuildPhase;
			buildActionMask = 2147483647;
			files = (
				E68E8D591F45137F00D7BF9F /* TQYRPicListTableViewCell.xib in Resources */,
				3E7B3E3C1F41214800242993 /* LaunchScreen.storyboard in Resources */,
				3E7B3E391F41214800242993 /* Assets.xcassets in Resources */,
				E68E8D5D1F45139800D7BF9F /* TQYRMainListTableViewCell.xib in Resources */,
				3E7B3E371F41214800242993 /* Main.storyboard in Resources */,
			);
			runOnlyForDeploymentPostprocessing = 0;
		};
		3E7B3E401F41214800242993 /* Resources */ = {
			isa = PBXResourcesBuildPhase;
			buildActionMask = 2147483647;
			files = (
			);
			runOnlyForDeploymentPostprocessing = 0;
		};
		3E7B3E4B1F41214800242993 /* Resources */ = {
			isa = PBXResourcesBuildPhase;
			buildActionMask = 2147483647;
			files = (
			);
			runOnlyForDeploymentPostprocessing = 0;
		};
/* End PBXResourcesBuildPhase section */

/* Begin PBXShellScriptBuildPhase section */
		23A0702350288CFC1F63AFDE /* [CP] Embed Pods Frameworks */ = {
			isa = PBXShellScriptBuildPhase;
			buildActionMask = 2147483647;
			files = (
			);
			inputPaths = (
				"${SRCROOT}/Pods/Target Support Files/Pods-news/Pods-news-frameworks.sh",
				"${BUILT_PRODUCTS_DIR}/Alamofire/Alamofire.framework",
				"${BUILT_PRODUCTS_DIR}/Kingfisher/Kingfisher.framework",
				"${BUILT_PRODUCTS_DIR}/MJCSegmentInterface/MJCSegmentInterface.framework",
				"${BUILT_PRODUCTS_DIR}/MJExtension/MJExtension.framework",
				"${BUILT_PRODUCTS_DIR}/MJRefresh/MJRefresh.framework",
				"${BUILT_PRODUCTS_DIR}/SDWebImage/SDWebImage.framework",
			);
			name = "[CP] Embed Pods Frameworks";
			outputPaths = (
				"${TARGET_BUILD_DIR}/${FRAMEWORKS_FOLDER_PATH}/Alamofire.framework",
				"${TARGET_BUILD_DIR}/${FRAMEWORKS_FOLDER_PATH}/Kingfisher.framework",
				"${TARGET_BUILD_DIR}/${FRAMEWORKS_FOLDER_PATH}/MJCSegmentInterface.framework",
				"${TARGET_BUILD_DIR}/${FRAMEWORKS_FOLDER_PATH}/MJExtension.framework",
				"${TARGET_BUILD_DIR}/${FRAMEWORKS_FOLDER_PATH}/MJRefresh.framework",
				"${TARGET_BUILD_DIR}/${FRAMEWORKS_FOLDER_PATH}/SDWebImage.framework",
			);
			runOnlyForDeploymentPostprocessing = 0;
			shellPath = /bin/sh;
			shellScript = "\"${SRCROOT}/Pods/Target Support Files/Pods-news/Pods-news-frameworks.sh\"\n";
			showEnvVarsInLog = 0;
		};
		38A7356EA62B003E8FE4A9AF /* [CP] Copy Pods Resources */ = {
			isa = PBXShellScriptBuildPhase;
			buildActionMask = 2147483647;
			files = (
			);
			inputPaths = (
			);
			name = "[CP] Copy Pods Resources";
			outputPaths = (
			);
			runOnlyForDeploymentPostprocessing = 0;
			shellPath = /bin/sh;
			shellScript = "\"${SRCROOT}/Pods/Target Support Files/Pods-news/Pods-news-resources.sh\"\n";
			showEnvVarsInLog = 0;
		};
		4CE0F4EDE752F42FD75BC7CE /* [CP] Check Pods Manifest.lock */ = {
			isa = PBXShellScriptBuildPhase;
			buildActionMask = 2147483647;
			files = (
			);
			inputPaths = (
				"${PODS_PODFILE_DIR_PATH}/Podfile.lock",
				"${PODS_ROOT}/Manifest.lock",
			);
			name = "[CP] Check Pods Manifest.lock";
			outputPaths = (
				"$(DERIVED_FILE_DIR)/Pods-news-checkManifestLockResult.txt",
			);
			runOnlyForDeploymentPostprocessing = 0;
			shellPath = /bin/sh;
			shellScript = "diff \"${PODS_PODFILE_DIR_PATH}/Podfile.lock\" \"${PODS_ROOT}/Manifest.lock\" > /dev/null\nif [ $? != 0 ] ; then\n    # print error to STDERR\n    echo \"error: The sandbox is not in sync with the Podfile.lock. Run 'pod install' or update your CocoaPods installation.\" >&2\n    exit 1\nfi\n# This output is used by Xcode 'outputs' to avoid re-running this script phase.\necho \"SUCCESS\" > \"${SCRIPT_OUTPUT_FILE_0}\"\n";
			showEnvVarsInLog = 0;
		};
/* End PBXShellScriptBuildPhase section */

/* Begin PBXSourcesBuildPhase section */
		3E7B3E2A1F41214800242993 /* Sources */ = {
			isa = PBXSourcesBuildPhase;
			buildActionMask = 2147483647;
			files = (
				E68E8D641F4526DE00D7BF9F /* WRProxy.swift in Sources */,
				E62240B41F420B2C00D98BA0 /* TQYRMainTableViewController.swift in Sources */,
				E68E8D631F4526DE00D7BF9F /* WRCycleScrollView.swift in Sources */,
				3E7B3E341F41214800242993 /* ViewController.swift in Sources */,
				3E7B3E321F41214800242993 /* AppDelegate.swift in Sources */,
				E62240B81F420B4600D98BA0 /* TQYRMainListModel.m in Sources */,
				E68E8D621F4526DE00D7BF9F /* WRCycleCell.swift in Sources */,
				E62240B51F420B2C00D98BA0 /* TQYRMainViewController.swift in Sources */,
				E68E8D581F45137F00D7BF9F /* TQYRPicListTableViewCell.swift in Sources */,
				E68E8D5C1F45139800D7BF9F /* TQYRMainListTableViewCell.swift in Sources */,
				3EFDEA461F431877005337A4 /* TQYRTool.swift in Sources */,
			);
			runOnlyForDeploymentPostprocessing = 0;
		};
		3E7B3E3E1F41214800242993 /* Sources */ = {
			isa = PBXSourcesBuildPhase;
			buildActionMask = 2147483647;
			files = (
				3E7B3E471F41214800242993 /* newsTests.swift in Sources */,
			);
			runOnlyForDeploymentPostprocessing = 0;
		};
		3E7B3E491F41214800242993 /* Sources */ = {
			isa = PBXSourcesBuildPhase;
			buildActionMask = 2147483647;
			files = (
				3E7B3E521F41214800242993 /* newsUITests.swift in Sources */,
			);
			runOnlyForDeploymentPostprocessing = 0;
		};
/* End PBXSourcesBuildPhase section */

/* Begin PBXTargetDependency section */
		3E7B3E441F41214800242993 /* PBXTargetDependency */ = {
			isa = PBXTargetDependency;
			target = 3E7B3E2D1F41214800242993 /* news */;
			targetProxy = 3E7B3E431F41214800242993 /* PBXContainerItemProxy */;
		};
		3E7B3E4F1F41214800242993 /* PBXTargetDependency */ = {
			isa = PBXTargetDependency;
			target = 3E7B3E2D1F41214800242993 /* news */;
			targetProxy = 3E7B3E4E1F41214800242993 /* PBXContainerItemProxy */;
		};
/* End PBXTargetDependency section */

/* Begin PBXVariantGroup section */
		3E7B3E351F41214800242993 /* Main.storyboard */ = {
			isa = PBXVariantGroup;
			children = (
				3E7B3E361F41214800242993 /* Base */,
			);
			name = Main.storyboard;
			sourceTree = "<group>";
		};
		3E7B3E3A1F41214800242993 /* LaunchScreen.storyboard */ = {
			isa = PBXVariantGroup;
			children = (
				3E7B3E3B1F41214800242993 /* Base */,
			);
			name = LaunchScreen.storyboard;
			sourceTree = "<group>";
		};
/* End PBXVariantGroup section */

/* Begin XCBuildConfiguration section */
		3E7B3E541F41214800242993 /* Debug */ = {
			isa = XCBuildConfiguration;
			buildSettings = {
				ALWAYS_SEARCH_USER_PATHS = NO;
				CLANG_ANALYZER_NONNULL = YES;
				CLANG_ANALYZER_NUMBER_OBJECT_CONVERSION = YES_AGGRESSIVE;
				CLANG_CXX_LANGUAGE_STANDARD = "gnu++0x";
				CLANG_CXX_LIBRARY = "libc++";
				CLANG_ENABLE_MODULES = YES;
				CLANG_ENABLE_OBJC_ARC = YES;
				CLANG_WARN_BOOL_CONVERSION = YES;
				CLANG_WARN_CONSTANT_CONVERSION = YES;
				CLANG_WARN_DIRECT_OBJC_ISA_USAGE = YES_ERROR;
				CLANG_WARN_DOCUMENTATION_COMMENTS = YES;
				CLANG_WARN_EMPTY_BODY = YES;
				CLANG_WARN_ENUM_CONVERSION = YES;
				CLANG_WARN_INFINITE_RECURSION = YES;
				CLANG_WARN_INT_CONVERSION = YES;
				CLANG_WARN_OBJC_ROOT_CLASS = YES_ERROR;
				CLANG_WARN_SUSPICIOUS_MOVE = YES;
				CLANG_WARN_UNREACHABLE_CODE = YES;
				CLANG_WARN__DUPLICATE_METHOD_MATCH = YES;
				"CODE_SIGN_IDENTITY[sdk=iphoneos*]" = "iPhone Developer";
				COPY_PHASE_STRIP = NO;
				DEBUG_INFORMATION_FORMAT = dwarf;
				ENABLE_STRICT_OBJC_MSGSEND = YES;
				ENABLE_TESTABILITY = YES;
				GCC_C_LANGUAGE_STANDARD = gnu99;
				GCC_DYNAMIC_NO_PIC = NO;
				GCC_NO_COMMON_BLOCKS = YES;
				GCC_OPTIMIZATION_LEVEL = 0;
				GCC_PREPROCESSOR_DEFINITIONS = (
					"DEBUG=1",
					"$(inherited)",
				);
				GCC_WARN_64_TO_32_BIT_CONVERSION = YES;
				GCC_WARN_ABOUT_RETURN_TYPE = YES_ERROR;
				GCC_WARN_UNDECLARED_SELECTOR = YES;
				GCC_WARN_UNINITIALIZED_AUTOS = YES_AGGRESSIVE;
				GCC_WARN_UNUSED_FUNCTION = YES;
				GCC_WARN_UNUSED_VARIABLE = YES;
				IPHONEOS_DEPLOYMENT_TARGET = 10.3;
				MTL_ENABLE_DEBUG_INFO = YES;
				ONLY_ACTIVE_ARCH = YES;
				SDKROOT = iphoneos;
				SWIFT_ACTIVE_COMPILATION_CONDITIONS = DEBUG;
				SWIFT_OPTIMIZATION_LEVEL = "-Onone";
				TARGETED_DEVICE_FAMILY = "1,2";
			};
			name = Debug;
		};
		3E7B3E551F41214800242993 /* Release */ = {
			isa = XCBuildConfiguration;
			buildSettings = {
				ALWAYS_SEARCH_USER_PATHS = NO;
				CLANG_ANALYZER_NONNULL = YES;
				CLANG_ANALYZER_NUMBER_OBJECT_CONVERSION = YES_AGGRESSIVE;
				CLANG_CXX_LANGUAGE_STANDARD = "gnu++0x";
				CLANG_CXX_LIBRARY = "libc++";
				CLANG_ENABLE_MODULES = YES;
				CLANG_ENABLE_OBJC_ARC = YES;
				CLANG_WARN_BOOL_CONVERSION = YES;
				CLANG_WARN_CONSTANT_CONVERSION = YES;
				CLANG_WARN_DIRECT_OBJC_ISA_USAGE = YES_ERROR;
				CLANG_WARN_DOCUMENTATION_COMMENTS = YES;
				CLANG_WARN_EMPTY_BODY = YES;
				CLANG_WARN_ENUM_CONVERSION = YES;
				CLANG_WARN_INFINITE_RECURSION = YES;
				CLANG_WARN_INT_CONVERSION = YES;
				CLANG_WARN_OBJC_ROOT_CLASS = YES_ERROR;
				CLANG_WARN_SUSPICIOUS_MOVE = YES;
				CLANG_WARN_UNREACHABLE_CODE = YES;
				CLANG_WARN__DUPLICATE_METHOD_MATCH = YES;
				"CODE_SIGN_IDENTITY[sdk=iphoneos*]" = "iPhone Developer";
				COPY_PHASE_STRIP = NO;
				DEBUG_INFORMATION_FORMAT = "dwarf-with-dsym";
				ENABLE_NS_ASSERTIONS = NO;
				ENABLE_STRICT_OBJC_MSGSEND = YES;
				GCC_C_LANGUAGE_STANDARD = gnu99;
				GCC_NO_COMMON_BLOCKS = YES;
				GCC_WARN_64_TO_32_BIT_CONVERSION = YES;
				GCC_WARN_ABOUT_RETURN_TYPE = YES_ERROR;
				GCC_WARN_UNDECLARED_SELECTOR = YES;
				GCC_WARN_UNINITIALIZED_AUTOS = YES_AGGRESSIVE;
				GCC_WARN_UNUSED_FUNCTION = YES;
				GCC_WARN_UNUSED_VARIABLE = YES;
				IPHONEOS_DEPLOYMENT_TARGET = 10.3;
				MTL_ENABLE_DEBUG_INFO = NO;
				SDKROOT = iphoneos;
				SWIFT_OPTIMIZATION_LEVEL = "-Owholemodule";
				TARGETED_DEVICE_FAMILY = "1,2";
				VALIDATE_PRODUCT = YES;
			};
			name = Release;
		};
		3E7B3E571F41214800242993 /* Debug */ = {
			isa = XCBuildConfiguration;
			baseConfigurationReference = FDC245363A0BB3927DFA14A5 /* Pods-news.debug.xcconfig */;
			buildSettings = {
				ASSETCATALOG_COMPILER_APPICON_NAME = AppIcon;
				DEVELOPMENT_TEAM = 83QJKJUUMN;
				FRAMEWORK_SEARCH_PATHS = (
					"$(inherited)",
					"$(PROJECT_DIR)/build/Debug-iphoneos/MJExtension",
				);
				INFOPLIST_FILE = news/Info.plist;
				IPHONEOS_DEPLOYMENT_TARGET = 8.0;
				LD_RUNPATH_SEARCH_PATHS = "$(inherited) @executable_path/Frameworks";
				PRODUCT_BUNDLE_IDENTIFIER = cd.news;
				PRODUCT_NAME = "$(TARGET_NAME)";
				SWIFT_OBJC_BRIDGING_HEADER = "news/MJCSegmentInterface-Briding-Header.h";
				SWIFT_VERSION = 3.0;
			};
			name = Debug;
		};
		3E7B3E581F41214800242993 /* Release */ = {
			isa = XCBuildConfiguration;
			baseConfigurationReference = 21746D813855E9AB8648F754 /* Pods-news.release.xcconfig */;
			buildSettings = {
				ASSETCATALOG_COMPILER_APPICON_NAME = AppIcon;
				DEVELOPMENT_TEAM = 83QJKJUUMN;
				FRAMEWORK_SEARCH_PATHS = (
					"$(inherited)",
					"$(PROJECT_DIR)/build/Debug-iphoneos/MJExtension",
				);
				INFOPLIST_FILE = news/Info.plist;
				IPHONEOS_DEPLOYMENT_TARGET = 8.0;
				LD_RUNPATH_SEARCH_PATHS = "$(inherited) @executable_path/Frameworks";
				PRODUCT_BUNDLE_IDENTIFIER = cd.news;
				PRODUCT_NAME = "$(TARGET_NAME)";
				SWIFT_OBJC_BRIDGING_HEADER = "news/MJCSegmentInterface-Briding-Header.h";
				SWIFT_VERSION = 3.0;
			};
			name = Release;
		};
		3E7B3E5A1F41214800242993 /* Debug */ = {
			isa = XCBuildConfiguration;
			buildSettings = {
				ALWAYS_EMBED_SWIFT_STANDARD_LIBRARIES = YES;
				BUNDLE_LOADER = "$(TEST_HOST)";
				INFOPLIST_FILE = newsTests/Info.plist;
				LD_RUNPATH_SEARCH_PATHS = "$(inherited) @executable_path/Frameworks @loader_path/Frameworks";
				PRODUCT_BUNDLE_IDENTIFIER = cd.newsTests;
				PRODUCT_NAME = "$(TARGET_NAME)";
				SWIFT_VERSION = 3.0;
				TEST_HOST = "$(BUILT_PRODUCTS_DIR)/news.app/news";
			};
			name = Debug;
		};
		3E7B3E5B1F41214800242993 /* Release */ = {
			isa = XCBuildConfiguration;
			buildSettings = {
				ALWAYS_EMBED_SWIFT_STANDARD_LIBRARIES = YES;
				BUNDLE_LOADER = "$(TEST_HOST)";
				INFOPLIST_FILE = newsTests/Info.plist;
				LD_RUNPATH_SEARCH_PATHS = "$(inherited) @executable_path/Frameworks @loader_path/Frameworks";
				PRODUCT_BUNDLE_IDENTIFIER = cd.newsTests;
				PRODUCT_NAME = "$(TARGET_NAME)";
				SWIFT_VERSION = 3.0;
				TEST_HOST = "$(BUILT_PRODUCTS_DIR)/news.app/news";
			};
			name = Release;
		};
		3E7B3E5D1F41214800242993 /* Debug */ = {
			isa = XCBuildConfiguration;
			buildSettings = {
				ALWAYS_EMBED_SWIFT_STANDARD_LIBRARIES = YES;
				INFOPLIST_FILE = newsUITests/Info.plist;
				LD_RUNPATH_SEARCH_PATHS = "$(inherited) @executable_path/Frameworks @loader_path/Frameworks";
				PRODUCT_BUNDLE_IDENTIFIER = cd.newsUITests;
				PRODUCT_NAME = "$(TARGET_NAME)";
				SWIFT_VERSION = 3.0;
				TEST_TARGET_NAME = news;
			};
			name = Debug;
		};
		3E7B3E5E1F41214800242993 /* Release */ = {
			isa = XCBuildConfiguration;
			buildSettings = {
				ALWAYS_EMBED_SWIFT_STANDARD_LIBRARIES = YES;
				INFOPLIST_FILE = newsUITests/Info.plist;
				LD_RUNPATH_SEARCH_PATHS = "$(inherited) @executable_path/Frameworks @loader_path/Frameworks";
				PRODUCT_BUNDLE_IDENTIFIER = cd.newsUITests;
				PRODUCT_NAME = "$(TARGET_NAME)";
				SWIFT_VERSION = 3.0;
				TEST_TARGET_NAME = news;
			};
			name = Release;
		};
/* End XCBuildConfiguration section */

/* Begin XCConfigurationList section */
		3E7B3E291F41214800242993 /* Build configuration list for PBXProject "news" */ = {
			isa = XCConfigurationList;
			buildConfigurations = (
				3E7B3E541F41214800242993 /* Debug */,
				3E7B3E551F41214800242993 /* Release */,
			);
			defaultConfigurationIsVisible = 0;
			defaultConfigurationName = Release;
		};
		3E7B3E561F41214800242993 /* Build configuration list for PBXNativeTarget "news" */ = {
			isa = XCConfigurationList;
			buildConfigurations = (
				3E7B3E571F41214800242993 /* Debug */,
				3E7B3E581F41214800242993 /* Release */,
			);
			defaultConfigurationIsVisible = 0;
			defaultConfigurationName = Release;
		};
		3E7B3E591F41214800242993 /* Build configuration list for PBXNativeTarget "newsTests" */ = {
			isa = XCConfigurationList;
			buildConfigurations = (
				3E7B3E5A1F41214800242993 /* Debug */,
				3E7B3E5B1F41214800242993 /* Release */,
			);
			defaultConfigurationIsVisible = 0;
			defaultConfigurationName = Release;
		};
		3E7B3E5C1F41214800242993 /* Build configuration list for PBXNativeTarget "newsUITests" */ = {
			isa = XCConfigurationList;
			buildConfigurations = (
				3E7B3E5D1F41214800242993 /* Debug */,
				3E7B3E5E1F41214800242993 /* Release */,
			);
			defaultConfigurationIsVisible = 0;
			defaultConfigurationName = Release;
		};
/* End XCConfigurationList section */
	};
	rootObject = 3E7B3E261F41214800242993 /* Project object */;
}
